// !$*UTF8*$!
{
	archiveVersion = 1;
	classes = {
	};
	objectVersion = 46;
	objects = {

/* Begin PBXBuildFile section */
		706007E218DE495F00A436F6 /* TagViewController.m in Sources */ = {isa = PBXBuildFile; fileRef = 706007E118DE495F00A436F6 /* TagViewController.m */; };
		706007E518DE498700A436F6 /* FinalViewController.m in Sources */ = {isa = PBXBuildFile; fileRef = 706007E418DE498700A436F6 /* FinalViewController.m */; };
		706007E818DE5FC000A436F6 /* MinMapData.m in Sources */ = {isa = PBXBuildFile; fileRef = 706007E718DE5FC000A436F6 /* MinMapData.m */; };
		7060083518DF4F2800A436F6 /* libTestFlight.a in Frameworks */ = {isa = PBXBuildFile; fileRef = 7060082F18DF4F2800A436F6 /* libTestFlight.a */; };
		7060083618DF4F2800A436F6 /* README.md in Resources */ = {isa = PBXBuildFile; fileRef = 7060083018DF4F2800A436F6 /* README.md */; };
		7060083718DF4F2800A436F6 /* release_notes.md in Resources */ = {isa = PBXBuildFile; fileRef = 7060083118DF4F2800A436F6 /* release_notes.md */; };
		709AAAA618DDD794007FC527 /* Foundation.framework in Frameworks */ = {isa = PBXBuildFile; fileRef = 709AAAA518DDD794007FC527 /* Foundation.framework */; };
		709AAAA818DDD794007FC527 /* CoreGraphics.framework in Frameworks */ = {isa = PBXBuildFile; fileRef = 709AAAA718DDD794007FC527 /* CoreGraphics.framework */; };
		709AAAAA18DDD794007FC527 /* UIKit.framework in Frameworks */ = {isa = PBXBuildFile; fileRef = 709AAAA918DDD794007FC527 /* UIKit.framework */; };
		709AAAB018DDD794007FC527 /* InfoPlist.strings in Resources */ = {isa = PBXBuildFile; fileRef = 709AAAAE18DDD794007FC527 /* InfoPlist.strings */; };
		709AAAB218DDD794007FC527 /* main.m in Sources */ = {isa = PBXBuildFile; fileRef = 709AAAB118DDD794007FC527 /* main.m */; };
		709AAAB618DDD794007FC527 /* AppDelegate.m in Sources */ = {isa = PBXBuildFile; fileRef = 709AAAB518DDD794007FC527 /* AppDelegate.m */; };
		709AAAB918DDD794007FC527 /* Main.storyboard in Resources */ = {isa = PBXBuildFile; fileRef = 709AAAB718DDD794007FC527 /* Main.storyboard */; };
		709AAABC18DDD794007FC527 /* FirstViewController.m in Sources */ = {isa = PBXBuildFile; fileRef = 709AAABB18DDD794007FC527 /* FirstViewController.m */; };
		709AAAC118DDD794007FC527 /* Images.xcassets in Resources */ = {isa = PBXBuildFile; fileRef = 709AAAC018DDD794007FC527 /* Images.xcassets */; };
		709AAAC818DDD794007FC527 /* XCTest.framework in Frameworks */ = {isa = PBXBuildFile; fileRef = 709AAAC718DDD794007FC527 /* XCTest.framework */; };
		709AAAC918DDD794007FC527 /* Foundation.framework in Frameworks */ = {isa = PBXBuildFile; fileRef = 709AAAA518DDD794007FC527 /* Foundation.framework */; };
		709AAACA18DDD794007FC527 /* UIKit.framework in Frameworks */ = {isa = PBXBuildFile; fileRef = 709AAAA918DDD794007FC527 /* UIKit.framework */; };
		709AAAD218DDD794007FC527 /* InfoPlist.strings in Resources */ = {isa = PBXBuildFile; fileRef = 709AAAD018DDD794007FC527 /* InfoPlist.strings */; };
		709AAAD418DDD794007FC527 /* HereIAmTests.m in Sources */ = {isa = PBXBuildFile; fileRef = 709AAAD318DDD794007FC527 /* HereIAmTests.m */; };
		709AAADE18DDD95D007FC527 /* MapKit.framework in Frameworks */ = {isa = PBXBuildFile; fileRef = 709AAADD18DDD95D007FC527 /* MapKit.framework */; };
		709AAAE018DDEF5B007FC527 /* CFNetwork.framework in Frameworks */ = {isa = PBXBuildFile; fileRef = 709AAADF18DDEF5B007FC527 /* CFNetwork.framework */; };
		709AAAE218DDEFB4007FC527 /* SystemConfiguration.framework in Frameworks */ = {isa = PBXBuildFile; fileRef = 709AAAE118DDEFB4007FC527 /* SystemConfiguration.framework */; };
		709AAAE418DDEFE6007FC527 /* MobileCoreServices.framework in Frameworks */ = {isa = PBXBuildFile; fileRef = 709AAAE318DDEFE6007FC527 /* MobileCoreServices.framework */; };
		709AAAE618DDF18D007FC527 /* libz.1.2.5.dylib in Frameworks */ = {isa = PBXBuildFile; fileRef = 709AAAE518DDF18D007FC527 /* libz.1.2.5.dylib */; };
		709AAAE918DDF87C007FC527 /* MBProgressHUD.m in Sources */ = {isa = PBXBuildFile; fileRef = 709AAAE818DDF87C007FC527 /* MBProgressHUD.m */; };
/* End PBXBuildFile section */

/* Begin PBXContainerItemProxy section */
		709AAACB18DDD794007FC527 /* PBXContainerItemProxy */ = {
			isa = PBXContainerItemProxy;
			containerPortal = 709AAA9A18DDD794007FC527 /* Project object */;
			proxyType = 1;
			remoteGlobalIDString = 709AAAA118DDD794007FC527;
			remoteInfo = HereIAm;
		};
/* End PBXContainerItemProxy section */

/* Begin PBXFileReference section */
		706007E018DE495F00A436F6 /* TagViewController.h */ = {isa = PBXFileReference; fileEncoding = 4; lastKnownFileType = sourcecode.c.h; path = TagViewController.h; sourceTree = "<group>"; };
		706007E118DE495F00A436F6 /* TagViewController.m */ = {isa = PBXFileReference; fileEncoding = 4; lastKnownFileType = sourcecode.c.objc; path = TagViewController.m; sourceTree = "<group>"; };
		706007E318DE498700A436F6 /* FinalViewController.h */ = {isa = PBXFileReference; fileEncoding = 4; lastKnownFileType = sourcecode.c.h; path = FinalViewController.h; sourceTree = "<group>"; };
		706007E418DE498700A436F6 /* FinalViewController.m */ = {isa = PBXFileReference; fileEncoding = 4; lastKnownFileType = sourcecode.c.objc; path = FinalViewController.m; sourceTree = "<group>"; };
		706007E618DE5FC000A436F6 /* MinMapData.h */ = {isa = PBXFileReference; fileEncoding = 4; lastKnownFileType = sourcecode.c.h; path = MinMapData.h; sourceTree = "<group>"; };
		706007E718DE5FC000A436F6 /* MinMapData.m */ = {isa = PBXFileReference; fileEncoding = 4; lastKnownFileType = sourcecode.c.objc; path = MinMapData.m; sourceTree = "<group>"; };
		7060082F18DF4F2800A436F6 /* libTestFlight.a */ = {isa = PBXFileReference; lastKnownFileType = archive.ar; path = libTestFlight.a; sourceTree = "<group>"; };
		7060083018DF4F2800A436F6 /* README.md */ = {isa = PBXFileReference; fileEncoding = 4; lastKnownFileType = text; path = README.md; sourceTree = "<group>"; };
		7060083118DF4F2800A436F6 /* release_notes.md */ = {isa = PBXFileReference; fileEncoding = 4; lastKnownFileType = text; path = release_notes.md; sourceTree = "<group>"; };
		7060083218DF4F2800A436F6 /* TestFlight+AsyncLogging.h */ = {isa = PBXFileReference; fileEncoding = 4; lastKnownFileType = sourcecode.c.h; path = "TestFlight+AsyncLogging.h"; sourceTree = "<group>"; };
		7060083318DF4F2800A436F6 /* TestFlight+ManualSessions.h */ = {isa = PBXFileReference; fileEncoding = 4; lastKnownFileType = sourcecode.c.h; path = "TestFlight+ManualSessions.h"; sourceTree = "<group>"; };
		7060083418DF4F2800A436F6 /* TestFlight.h */ = {isa = PBXFileReference; fileEncoding = 4; lastKnownFileType = sourcecode.c.h; path = TestFlight.h; sourceTree = "<group>"; };
		709AAAA218DDD794007FC527 /* MinMap.app */ = {isa = PBXFileReference; explicitFileType = wrapper.application; includeInIndex = 0; path = MinMap.app; sourceTree = BUILT_PRODUCTS_DIR; };
		709AAAA518DDD794007FC527 /* Foundation.framework */ = {isa = PBXFileReference; lastKnownFileType = wrapper.framework; name = Foundation.framework; path = System/Library/Frameworks/Foundation.framework; sourceTree = SDKROOT; };
		709AAAA718DDD794007FC527 /* CoreGraphics.framework */ = {isa = PBXFileReference; lastKnownFileType = wrapper.framework; name = CoreGraphics.framework; path = System/Library/Frameworks/CoreGraphics.framework; sourceTree = SDKROOT; };
		709AAAA918DDD794007FC527 /* UIKit.framework */ = {isa = PBXFileReference; lastKnownFileType = wrapper.framework; name = UIKit.framework; path = System/Library/Frameworks/UIKit.framework; sourceTree = SDKROOT; };
		709AAAAD18DDD794007FC527 /* MinMap-Info.plist */ = {isa = PBXFileReference; lastKnownFileType = text.plist.xml; path = "MinMap-Info.plist"; sourceTree = "<group>"; };
		709AAAAF18DDD794007FC527 /* en */ = {isa = PBXFileReference; lastKnownFileType = text.plist.strings; name = en; path = en.lproj/InfoPlist.strings; sourceTree = "<group>"; };
		709AAAB118DDD794007FC527 /* main.m */ = {isa = PBXFileReference; lastKnownFileType = sourcecode.c.objc; path = main.m; sourceTree = "<group>"; };
		709AAAB318DDD794007FC527 /* MinMap-Prefix.pch */ = {isa = PBXFileReference; lastKnownFileType = sourcecode.c.h; path = "MinMap-Prefix.pch"; sourceTree = "<group>"; };
		709AAAB418DDD794007FC527 /* AppDelegate.h */ = {isa = PBXFileReference; lastKnownFileType = sourcecode.c.h; path = AppDelegate.h; sourceTree = "<group>"; };
		709AAAB518DDD794007FC527 /* AppDelegate.m */ = {isa = PBXFileReference; lastKnownFileType = sourcecode.c.objc; path = AppDelegate.m; sourceTree = "<group>"; };
		709AAAB818DDD794007FC527 /* Base */ = {isa = PBXFileReference; lastKnownFileType = file.storyboard; name = Base; path = Base.lproj/Main.storyboard; sourceTree = "<group>"; };
		709AAABA18DDD794007FC527 /* FirstViewController.h */ = {isa = PBXFileReference; lastKnownFileType = sourcecode.c.h; path = FirstViewController.h; sourceTree = "<group>"; };
		709AAABB18DDD794007FC527 /* FirstViewController.m */ = {isa = PBXFileReference; lastKnownFileType = sourcecode.c.objc; path = FirstViewController.m; sourceTree = "<group>"; };
		709AAAC018DDD794007FC527 /* Images.xcassets */ = {isa = PBXFileReference; lastKnownFileType = folder.assetcatalog; path = Images.xcassets; sourceTree = "<group>"; };
		709AAAC618DDD794007FC527 /* MinMapTests.xctest */ = {isa = PBXFileReference; explicitFileType = wrapper.cfbundle; includeInIndex = 0; path = MinMapTests.xctest; sourceTree = BUILT_PRODUCTS_DIR; };
		709AAAC718DDD794007FC527 /* XCTest.framework */ = {isa = PBXFileReference; lastKnownFileType = wrapper.framework; name = XCTest.framework; path = Library/Frameworks/XCTest.framework; sourceTree = DEVELOPER_DIR; };
		709AAACF18DDD794007FC527 /* MinMapTests-Info.plist */ = {isa = PBXFileReference; lastKnownFileType = text.plist.xml; path = "MinMapTests-Info.plist"; sourceTree = "<group>"; };
		709AAAD118DDD794007FC527 /* en */ = {isa = PBXFileReference; lastKnownFileType = text.plist.strings; name = en; path = en.lproj/InfoPlist.strings; sourceTree = "<group>"; };
		709AAAD318DDD794007FC527 /* HereIAmTests.m */ = {isa = PBXFileReference; lastKnownFileType = sourcecode.c.objc; path = HereIAmTests.m; sourceTree = "<group>"; };
		709AAADD18DDD95D007FC527 /* MapKit.framework */ = {isa = PBXFileReference; lastKnownFileType = wrapper.framework; name = MapKit.framework; path = System/Library/Frameworks/MapKit.framework; sourceTree = SDKROOT; };
		709AAADF18DDEF5B007FC527 /* CFNetwork.framework */ = {isa = PBXFileReference; lastKnownFileType = wrapper.framework; name = CFNetwork.framework; path = System/Library/Frameworks/CFNetwork.framework; sourceTree = SDKROOT; };
		709AAAE118DDEFB4007FC527 /* SystemConfiguration.framework */ = {isa = PBXFileReference; lastKnownFileType = wrapper.framework; name = SystemConfiguration.framework; path = System/Library/Frameworks/SystemConfiguration.framework; sourceTree = SDKROOT; };
		709AAAE318DDEFE6007FC527 /* MobileCoreServices.framework */ = {isa = PBXFileReference; lastKnownFileType = wrapper.framework; name = MobileCoreServices.framework; path = System/Library/Frameworks/MobileCoreServices.framework; sourceTree = SDKROOT; };
		709AAAE518DDF18D007FC527 /* libz.1.2.5.dylib */ = {isa = PBXFileReference; lastKnownFileType = "compiled.mach-o.dylib"; name = libz.1.2.5.dylib; path = usr/lib/libz.1.2.5.dylib; sourceTree = SDKROOT; };
		709AAAE718DDF87C007FC527 /* MBProgressHUD.h */ = {isa = PBXFileReference; fileEncoding = 4; lastKnownFileType = sourcecode.c.h; path = MBProgressHUD.h; sourceTree = "<group>"; };
		709AAAE818DDF87C007FC527 /* MBProgressHUD.m */ = {isa = PBXFileReference; fileEncoding = 4; lastKnownFileType = sourcecode.c.objc; path = MBProgressHUD.m; sourceTree = "<group>"; };
/* End PBXFileReference section */

/* Begin PBXFrameworksBuildPhase section */
		709AAA9F18DDD794007FC527 /* Frameworks */ = {
			isa = PBXFrameworksBuildPhase;
			buildActionMask = 2147483647;
			files = (
				7060083518DF4F2800A436F6 /* libTestFlight.a in Frameworks */,
				709AAAE618DDF18D007FC527 /* libz.1.2.5.dylib in Frameworks */,
				709AAAE418DDEFE6007FC527 /* MobileCoreServices.framework in Frameworks */,
				709AAAE218DDEFB4007FC527 /* SystemConfiguration.framework in Frameworks */,
				709AAAE018DDEF5B007FC527 /* CFNetwork.framework in Frameworks */,
				709AAADE18DDD95D007FC527 /* MapKit.framework in Frameworks */,
				709AAAA818DDD794007FC527 /* CoreGraphics.framework in Frameworks */,
				709AAAAA18DDD794007FC527 /* UIKit.framework in Frameworks */,
				709AAAA618DDD794007FC527 /* Foundation.framework in Frameworks */,
			);
			runOnlyForDeploymentPostprocessing = 0;
		};
		709AAAC318DDD794007FC527 /* Frameworks */ = {
			isa = PBXFrameworksBuildPhase;
			buildActionMask = 2147483647;
			files = (
				709AAAC818DDD794007FC527 /* XCTest.framework in Frameworks */,
				709AAACA18DDD794007FC527 /* UIKit.framework in Frameworks */,
				709AAAC918DDD794007FC527 /* Foundation.framework in Frameworks */,
			);
			runOnlyForDeploymentPostprocessing = 0;
		};
/* End PBXFrameworksBuildPhase section */

/* Begin PBXGroup section */
		706007E918DF330500A436F6 /* Model */ = {
			isa = PBXGroup;
			children = (
				706007E618DE5FC000A436F6 /* MinMapData.h */,
				706007E718DE5FC000A436F6 /* MinMapData.m */,
			);
			name = Model;
			sourceTree = "<group>";
		};
		706007EA18DF331B00A436F6 /* View */ = {
			isa = PBXGroup;
			children = (
				709AAAB718DDD794007FC527 /* Main.storyboard */,
			);
			name = View;
			sourceTree = "<group>";
		};
		706007EB18DF332700A436F6 /* Controller */ = {
			isa = PBXGroup;
			children = (
				709AAABA18DDD794007FC527 /* FirstViewController.h */,
				709AAABB18DDD794007FC527 /* FirstViewController.m */,
				706007E018DE495F00A436F6 /* TagViewController.h */,
				706007E118DE495F00A436F6 /* TagViewController.m */,
				706007E318DE498700A436F6 /* FinalViewController.h */,
				706007E418DE498700A436F6 /* FinalViewController.m */,
			);
			name = Controller;
			sourceTree = "<group>";
		};
		7060082E18DF4F2800A436F6 /* TestFlightSDK3 */ = {
			isa = PBXGroup;
			children = (
				7060082F18DF4F2800A436F6 /* libTestFlight.a */,
				7060083018DF4F2800A436F6 /* README.md */,
				7060083118DF4F2800A436F6 /* release_notes.md */,
				7060083218DF4F2800A436F6 /* TestFlight+AsyncLogging.h */,
				7060083318DF4F2800A436F6 /* TestFlight+ManualSessions.h */,
				7060083418DF4F2800A436F6 /* TestFlight.h */,
			);
			path = TestFlightSDK3;
			sourceTree = "<group>";
		};
		709AAA9918DDD794007FC527 = {
			isa = PBXGroup;
			children = (
				7060082E18DF4F2800A436F6 /* TestFlightSDK3 */,
				709AAAAB18DDD794007FC527 /* MinMap */,
				709AAACD18DDD794007FC527 /* HereIAmTests */,
				709AAAA418DDD794007FC527 /* Frameworks */,
				709AAAA318DDD794007FC527 /* Products */,
			);
			sourceTree = "<group>";
		};
		709AAAA318DDD794007FC527 /* Products */ = {
			isa = PBXGroup;
			children = (
				709AAAA218DDD794007FC527 /* MinMap.app */,
				709AAAC618DDD794007FC527 /* MinMapTests.xctest */,
			);
			name = Products;
			sourceTree = "<group>";
		};
		709AAAA418DDD794007FC527 /* Frameworks */ = {
			isa = PBXGroup;
			children = (
				709AAAE518DDF18D007FC527 /* libz.1.2.5.dylib */,
				709AAAE318DDEFE6007FC527 /* MobileCoreServices.framework */,
				709AAAE118DDEFB4007FC527 /* SystemConfiguration.framework */,
				709AAADF18DDEF5B007FC527 /* CFNetwork.framework */,
				709AAADD18DDD95D007FC527 /* MapKit.framework */,
				709AAAA518DDD794007FC527 /* Foundation.framework */,
				709AAAA718DDD794007FC527 /* CoreGraphics.framework */,
				709AAAA918DDD794007FC527 /* UIKit.framework */,
				709AAAC718DDD794007FC527 /* XCTest.framework */,
			);
			name = Frameworks;
			sourceTree = "<group>";
		};
		709AAAAB18DDD794007FC527 /* MinMap */ = {
			isa = PBXGroup;
			children = (
				709AAAEA18DDF899007FC527 /* MBProgressHUD */,
				706007E918DF330500A436F6 /* Model */,
				709AAAB418DDD794007FC527 /* AppDelegate.h */,
				709AAAB518DDD794007FC527 /* AppDelegate.m */,
				706007EA18DF331B00A436F6 /* View */,
				706007EB18DF332700A436F6 /* Controller */,
				709AAAC018DDD794007FC527 /* Images.xcassets */,
				709AAAAC18DDD794007FC527 /* Supporting Files */,
			);
			name = MinMap;
			path = HereIAm;
			sourceTree = "<group>";
		};
		709AAAAC18DDD794007FC527 /* Supporting Files */ = {
			isa = PBXGroup;
			children = (
				709AAAAD18DDD794007FC527 /* MinMap-Info.plist */,
				709AAAAE18DDD794007FC527 /* InfoPlist.strings */,
				709AAAB118DDD794007FC527 /* main.m */,
				709AAAB318DDD794007FC527 /* MinMap-Prefix.pch */,
			);
			name = "Supporting Files";
			sourceTree = "<group>";
		};
		709AAACD18DDD794007FC527 /* HereIAmTests */ = {
			isa = PBXGroup;
			children = (
				709AAAD318DDD794007FC527 /* HereIAmTests.m */,
				709AAACE18DDD794007FC527 /* Supporting Files */,
			);
			path = HereIAmTests;
			sourceTree = "<group>";
		};
		709AAACE18DDD794007FC527 /* Supporting Files */ = {
			isa = PBXGroup;
			children = (
				709AAACF18DDD794007FC527 /* MinMapTests-Info.plist */,
				709AAAD018DDD794007FC527 /* InfoPlist.strings */,
			);
			name = "Supporting Files";
			sourceTree = "<group>";
		};
		709AAAEA18DDF899007FC527 /* MBProgressHUD */ = {
			isa = PBXGroup;
			children = (
				709AAAE718DDF87C007FC527 /* MBProgressHUD.h */,
				709AAAE818DDF87C007FC527 /* MBProgressHUD.m */,
			);
			name = MBProgressHUD;
			sourceTree = "<group>";
		};
/* End PBXGroup section */

/* Begin PBXNativeTarget section */
		709AAAA118DDD794007FC527 /* MinMap */ = {
			isa = PBXNativeTarget;
			buildConfigurationList = 709AAAD718DDD794007FC527 /* Build configuration list for PBXNativeTarget "MinMap" */;
			buildPhases = (
				709AAA9E18DDD794007FC527 /* Sources */,
				709AAA9F18DDD794007FC527 /* Frameworks */,
				709AAAA018DDD794007FC527 /* Resources */,
			);
			buildRules = (
			);
			dependencies = (
			);
			name = MinMap;
			productName = HereIAm;
			productReference = 709AAAA218DDD794007FC527 /* MinMap.app */;
			productType = "com.apple.product-type.application";
		};
		709AAAC518DDD794007FC527 /* MinMapTests */ = {
			isa = PBXNativeTarget;
			buildConfigurationList = 709AAADA18DDD794007FC527 /* Build configuration list for PBXNativeTarget "MinMapTests" */;
			buildPhases = (
				709AAAC218DDD794007FC527 /* Sources */,
				709AAAC318DDD794007FC527 /* Frameworks */,
				709AAAC418DDD794007FC527 /* Resources */,
			);
			buildRules = (
			);
			dependencies = (
				709AAACC18DDD794007FC527 /* PBXTargetDependency */,
			);
			name = MinMapTests;
			productName = HereIAmTests;
			productReference = 709AAAC618DDD794007FC527 /* MinMapTests.xctest */;
			productType = "com.apple.product-type.bundle.unit-test";
		};
/* End PBXNativeTarget section */

/* Begin PBXProject section */
		709AAA9A18DDD794007FC527 /* Project object */ = {
			isa = PBXProject;
			attributes = {
				LastUpgradeCheck = 0510;
				ORGANIZATIONNAME = "Lori Hill";
				TargetAttributes = {
					709AAAC518DDD794007FC527 = {
						TestTargetID = 709AAAA118DDD794007FC527;
					};
				};
			};
			buildConfigurationList = 709AAA9D18DDD794007FC527 /* Build configuration list for PBXProject "MinMap" */;
			compatibilityVersion = "Xcode 3.2";
			developmentRegion = English;
			hasScannedForEncodings = 0;
			knownRegions = (
				en,
				Base,
			);
			mainGroup = 709AAA9918DDD794007FC527;
			productRefGroup = 709AAAA318DDD794007FC527 /* Products */;
			projectDirPath = "";
			projectRoot = "";
			targets = (
				709AAAA118DDD794007FC527 /* MinMap */,
				709AAAC518DDD794007FC527 /* MinMapTests */,
			);
		};
/* End PBXProject section */

/* Begin PBXResourcesBuildPhase section */
		709AAAA018DDD794007FC527 /* Resources */ = {
			isa = PBXResourcesBuildPhase;
			buildActionMask = 2147483647;
			files = (
				709AAAC118DDD794007FC527 /* Images.xcassets in Resources */,
				709AAAB018DDD794007FC527 /* InfoPlist.strings in Resources */,
				7060083618DF4F2800A436F6 /* README.md in Resources */,
				709AAAB918DDD794007FC527 /* Main.storyboard in Resources */,
				7060083718DF4F2800A436F6 /* release_notes.md in Resources */,
			);
			runOnlyForDeploymentPostprocessing = 0;
		};
		709AAAC418DDD794007FC527 /* Resources */ = {
			isa = PBXResourcesBuildPhase;
			buildActionMask = 2147483647;
			files = (
				709AAAD218DDD794007FC527 /* InfoPlist.strings in Resources */,
			);
			runOnlyForDeploymentPostprocessing = 0;
		};
/* End PBXResourcesBuildPhase section */

/* Begin PBXSourcesBuildPhase section */
		709AAA9E18DDD794007FC527 /* Sources */ = {
			isa = PBXSourcesBuildPhase;
			buildActionMask = 2147483647;
			files = (
				706007E218DE495F00A436F6 /* TagViewController.m in Sources */,
				709AAAB618DDD794007FC527 /* AppDelegate.m in Sources */,
				709AAAE918DDF87C007FC527 /* MBProgressHUD.m in Sources */,
				706007E518DE498700A436F6 /* FinalViewController.m in Sources */,
				706007E818DE5FC000A436F6 /* MinMapData.m in Sources */,
				709AAABC18DDD794007FC527 /* FirstViewController.m in Sources */,
				709AAAB218DDD794007FC527 /* main.m in Sources */,
			);
			runOnlyForDeploymentPostprocessing = 0;
		};
		709AAAC218DDD794007FC527 /* Sources */ = {
			isa = PBXSourcesBuildPhase;
			buildActionMask = 2147483647;
			files = (
				709AAAD418DDD794007FC527 /* HereIAmTests.m in Sources */,
			);
			runOnlyForDeploymentPostprocessing = 0;
		};
/* End PBXSourcesBuildPhase section */

/* Begin PBXTargetDependency section */
		709AAACC18DDD794007FC527 /* PBXTargetDependency */ = {
			isa = PBXTargetDependency;
			target = 709AAAA118DDD794007FC527 /* MinMap */;
			targetProxy = 709AAACB18DDD794007FC527 /* PBXContainerItemProxy */;
		};
/* End PBXTargetDependency section */

/* Begin PBXVariantGroup section */
		709AAAAE18DDD794007FC527 /* InfoPlist.strings */ = {
			isa = PBXVariantGroup;
			children = (
				709AAAAF18DDD794007FC527 /* en */,
			);
			name = InfoPlist.strings;
			sourceTree = "<group>";
		};
		709AAAB718DDD794007FC527 /* Main.storyboard */ = {
			isa = PBXVariantGroup;
			children = (
				709AAAB818DDD794007FC527 /* Base */,
			);
			name = Main.storyboard;
			sourceTree = "<group>";
		};
		709AAAD018DDD794007FC527 /* InfoPlist.strings */ = {
			isa = PBXVariantGroup;
			children = (
				709AAAD118DDD794007FC527 /* en */,
			);
			name = InfoPlist.strings;
			sourceTree = "<group>";
		};
/* End PBXVariantGroup section */

/* Begin XCBuildConfiguration section */
		709AAAD518DDD794007FC527 /* Debug */ = {
			isa = XCBuildConfiguration;
			buildSettings = {
				ALWAYS_SEARCH_USER_PATHS = NO;
				CLANG_CXX_LANGUAGE_STANDARD = "gnu++0x";
				CLANG_CXX_LIBRARY = "libc++";
				CLANG_ENABLE_MODULES = YES;
				CLANG_ENABLE_OBJC_ARC = YES;
				CLANG_WARN_BOOL_CONVERSION = YES;
				CLANG_WARN_CONSTANT_CONVERSION = YES;
				CLANG_WARN_DIRECT_OBJC_ISA_USAGE = YES_ERROR;
				CLANG_WARN_EMPTY_BODY = YES;
				CLANG_WARN_ENUM_CONVERSION = YES;
				CLANG_WARN_INT_CONVERSION = YES;
				CLANG_WARN_OBJC_ROOT_CLASS = YES_ERROR;
				CLANG_WARN__DUPLICATE_METHOD_MATCH = YES;
				"CODE_SIGN_IDENTITY[sdk=iphoneos*]" = "iPhone Developer";
				COPY_PHASE_STRIP = NO;
				GCC_C_LANGUAGE_STANDARD = gnu99;
				GCC_DYNAMIC_NO_PIC = NO;
				GCC_OPTIMIZATION_LEVEL = 0;
				GCC_PREPROCESSOR_DEFINITIONS = (
					"DEBUG=1",
					"$(inherited)",
				);
				GCC_SYMBOLS_PRIVATE_EXTERN = NO;
				GCC_WARN_64_TO_32_BIT_CONVERSION = YES;
				GCC_WARN_ABOUT_RETURN_TYPE = YES_ERROR;
				GCC_WARN_UNDECLARED_SELECTOR = YES;
				GCC_WARN_UNINITIALIZED_AUTOS = YES_AGGRESSIVE;
				GCC_WARN_UNUSED_FUNCTION = YES;
				GCC_WARN_UNUSED_VARIABLE = YES;
				IPHONEOS_DEPLOYMENT_TARGET = 7.1;
				ONLY_ACTIVE_ARCH = YES;
				SDKROOT = iphoneos;
			};
			name = Debug;
		};
		709AAAD618DDD794007FC527 /* Release */ = {
			isa = XCBuildConfiguration;
			buildSettings = {
				ALWAYS_SEARCH_USER_PATHS = NO;
				CLANG_CXX_LANGUAGE_STANDARD = "gnu++0x";
				CLANG_CXX_LIBRARY = "libc++";
				CLANG_ENABLE_MODULES = YES;
				CLANG_ENABLE_OBJC_ARC = YES;
				CLANG_WARN_BOOL_CONVERSION = YES;
				CLANG_WARN_CONSTANT_CONVERSION = YES;
				CLANG_WARN_DIRECT_OBJC_ISA_USAGE = YES_ERROR;
				CLANG_WARN_EMPTY_BODY = YES;
				CLANG_WARN_ENUM_CONVERSION = YES;
				CLANG_WARN_INT_CONVERSION = YES;
				CLANG_WARN_OBJC_ROOT_CLASS = YES_ERROR;
				CLANG_WARN__DUPLICATE_METHOD_MATCH = YES;
				"CODE_SIGN_IDENTITY[sdk=iphoneos*]" = "iPhone Developer";
				COPY_PHASE_STRIP = YES;
				ENABLE_NS_ASSERTIONS = NO;
				GCC_C_LANGUAGE_STANDARD = gnu99;
				GCC_WARN_64_TO_32_BIT_CONVERSION = YES;
				GCC_WARN_ABOUT_RETURN_TYPE = YES_ERROR;
				GCC_WARN_UNDECLARED_SELECTOR = YES;
				GCC_WARN_UNINITIALIZED_AUTOS = YES_AGGRESSIVE;
				GCC_WARN_UNUSED_FUNCTION = YES;
				GCC_WARN_UNUSED_VARIABLE = YES;
				IPHONEOS_DEPLOYMENT_TARGET = 7.1;
				SDKROOT = iphoneos;
				VALIDATE_PRODUCT = YES;
			};
			name = Release;
		};
		709AAAD818DDD794007FC527 /* Debug */ = {
			isa = XCBuildConfiguration;
			buildSettings = {
				ASSETCATALOG_COMPILER_APPICON_NAME = AppIcon;
				ASSETCATALOG_COMPILER_LAUNCHIMAGE_NAME = LaunchImage;
				GCC_PRECOMPILE_PREFIX_HEADER = YES;
				GCC_PREFIX_HEADER = "HereIAm/MinMap-Prefix.pch";
				INFOPLIST_FILE = "HereIAm/MinMap-Info.plist";
				IPHONEOS_DEPLOYMENT_TARGET = 7.0;
				LIBRARY_SEARCH_PATHS = (
					"$(inherited)",
					"$(PROJECT_DIR)/TestFlightSDK3",
				);
				PRODUCT_NAME = MinMap;
				WRAPPER_EXTENSION = app;
			};
			name = Debug;
		};
		709AAAD918DDD794007FC527 /* Release */ = {
			isa = XCBuildConfiguration;
			buildSettings = {
				ASSETCATALOG_COMPILER_APPICON_NAME = AppIcon;
				ASSETCATALOG_COMPILER_LAUNCHIMAGE_NAME = LaunchImage;
				GCC_PRECOMPILE_PREFIX_HEADER = YES;
				GCC_PREFIX_HEADER = "HereIAm/MinMap-Prefix.pch";
				INFOPLIST_FILE = "HereIAm/MinMap-Info.plist";
				IPHONEOS_DEPLOYMENT_TARGET = 7.0;
				LIBRARY_SEARCH_PATHS = (
					"$(inherited)",
					"$(PROJECT_DIR)/TestFlightSDK3",
				);
				PRODUCT_NAME = MinMap;
				WRAPPER_EXTENSION = app;
			};
			name = Release;
		};
		709AAADB18DDD794007FC527 /* Debug */ = {
			isa = XCBuildConfiguration;
			buildSettings = {
				BUNDLE_LOADER = "$(BUILT_PRODUCTS_DIR)/MinMap.app/MinMap";
				FRAMEWORK_SEARCH_PATHS = (
					"$(SDKROOT)/Developer/Library/Frameworks",
					"$(inherited)",
					"$(DEVELOPER_FRAMEWORKS_DIR)",
				);
				GCC_PRECOMPILE_PREFIX_HEADER = YES;
				GCC_PREFIX_HEADER = "HereIAm/HereIAm-Prefix.pch";
				GCC_PREPROCESSOR_DEFINITIONS = (
					"DEBUG=1",
					"$(inherited)",
				);
				INFOPLIST_FILE = "HereIAmTests/MinMapTests-Info.plist";
				PRODUCT_NAME = MinMapTests;
				TEST_HOST = "$(BUNDLE_LOADER)";
				WRAPPER_EXTENSION = xctest;
			};
			name = Debug;
		};
		709AAADC18DDD794007FC527 /* Release */ = {
			isa = XCBuildConfiguration;
			buildSettings = {
				BUNDLE_LOADER = "$(BUILT_PRODUCTS_DIR)/MinMap.app/MinMap";
				FRAMEWORK_SEARCH_PATHS = (
					"$(SDKROOT)/Developer/Library/Frameworks",
					"$(inherited)",
					"$(DEVELOPER_FRAMEWORKS_DIR)",
				);
				GCC_PRECOMPILE_PREFIX_HEADER = YES;
				GCC_PREFIX_HEADER = "HereIAm/HereIAm-Prefix.pch";
				INFOPLIST_FILE = "HereIAmTests/MinMapTests-Info.plist";
				PRODUCT_NAME = MinMapTests;
				TEST_HOST = "$(BUNDLE_LOADER)";
				WRAPPER_EXTENSION = xctest;
			};
			name = Release;
		};
/* End XCBuildConfiguration section */

/* Begin XCConfigurationList section */
		709AAA9D18DDD794007FC527 /* Build configuration list for PBXProject "MinMap" */ = {
			isa = XCConfigurationList;
			buildConfigurations = (
				709AAAD518DDD794007FC527 /* Debug */,
				709AAAD618DDD794007FC527 /* Release */,
			);
			defaultConfigurationIsVisible = 0;
			defaultConfigurationName = Release;
		};
		709AAAD718DDD794007FC527 /* Build configuration list for PBXNativeTarget "MinMap" */ = {
			isa = XCConfigurationList;
			buildConfigurations = (
				709AAAD818DDD794007FC527 /* Debug */,
				709AAAD918DDD794007FC527 /* Release */,
			);
			defaultConfigurationIsVisible = 0;
			defaultConfigurationName = Release;
		};
		709AAADA18DDD794007FC527 /* Build configuration list for PBXNativeTarget "MinMapTests" */ = {
			isa = XCConfigurationList;
			buildConfigurations = (
				709AAADB18DDD794007FC527 /* Debug */,
				709AAADC18DDD794007FC527 /* Release */,
			);
			defaultConfigurationIsVisible = 0;
			defaultConfigurationName = Release;
		};
/* End XCConfigurationList section */
	};
	rootObject = 709AAA9A18DDD794007FC527 /* Project object */;
}
